
Microsoft Visual Studio Solution File, Format Version 12.00
# Visual Studio Version 17
VisualStudioVersion = 17.6.33829.357
MinimumVisualStudioVersion = 10.0.40219.1
Project("{FAE04EC0-301F-11D3-BF4B-00C04F79EFBC}") = "WpfApp1", "WpfApp1\WpfApp1.csproj", "{7B946618-F249-4B40-8C28-13765A81CCEA}"
EndProject
Global
	GlobalSection(SolutionConfigurationPlatforms) = preSolution
		Debug|Any CPU = Debug|Any CPU
		Release|Any CPU = Release|Any CPU
	EndGlobalSection
	GlobalSection(ProjectConfigurationPlatforms) = postSolution
		{7B946618-F249-4B40-8C28-13765A81CCEA}.Debug|Any CPU.ActiveCfg = Debug|Any CPU
		{7B946618-F249-4B40-8C28-13765A81CCEA}.Debug|Any CPU.Build.0 = Debug|Any CPU
		{7B946618-F249-4B40-8C28-13765A81CCEA}.Release|Any CPU.ActiveCfg = Release|Any CPU
		{7B946618-F249-4B40-8C28-13765A81CCEA}.Release|Any CPU.Build.0 = Release|Any CPU
	EndGlobalSection
	GlobalSection(SolutionProperties) = preSolution
		HideSolutionNode = FALSE
	EndGlobalSection
	GlobalSection(ExtensibilityGlobals) = postSolution
		SolutionGuid = {D851FBB6-AC94-48B0-9692-B49124DB6231}
	EndGlobalSection
EndGlobal
